// !$*UTF8*$!
{
	archiveVersion = 1;
	classes = {
	};
	objectVersion = 46;
	objects = {

/* Begin PBXBuildFile section */
		AF8D0FE61DB60D6000E0DDFE /* AppDelegate.swift in Sources */ = {isa = PBXBuildFile; fileRef = AF8D0FE51DB60D6000E0DDFE /* AppDelegate.swift */; };
		AF8D0FE81DB60D6000E0DDFE /* ViewController.swift in Sources */ = {isa = PBXBuildFile; fileRef = AF8D0FE71DB60D6000E0DDFE /* ViewController.swift */; };
		AF8D0FEB1DB60D6000E0DDFE /* Main.storyboard in Resources */ = {isa = PBXBuildFile; fileRef = AF8D0FE91DB60D6000E0DDFE /* Main.storyboard */; };
		AF8D0FEE1DB60D6000E0DDFE /* FoodTracker.xcdatamodeld in Sources */ = {isa = PBXBuildFile; fileRef = AF8D0FEC1DB60D6000E0DDFE /* FoodTracker.xcdatamodeld */; };
		AF8D0FF01DB60D6000E0DDFE /* Assets.xcassets in Resources */ = {isa = PBXBuildFile; fileRef = AF8D0FEF1DB60D6000E0DDFE /* Assets.xcassets */; };
		AF8D0FF31DB60D6000E0DDFE /* LaunchScreen.storyboard in Resources */ = {isa = PBXBuildFile; fileRef = AF8D0FF11DB60D6000E0DDFE /* LaunchScreen.storyboard */; };
/* End PBXBuildFile section */

/* Begin PBXFileReference section */
		AF8D0FE21DB60D5F00E0DDFE /* FoodTracker.app */ = {isa = PBXFileReference; explicitFileType = wrapper.application; includeInIndex = 0; path = FoodTracker.app; sourceTree = BUILT_PRODUCTS_DIR; };
		AF8D0FE51DB60D6000E0DDFE /* AppDelegate.swift */ = {isa = PBXFileReference; lastKnownFileType = sourcecode.swift; path = AppDelegate.swift; sourceTree = "<group>"; };
		AF8D0FE71DB60D6000E0DDFE /* ViewController.swift */ = {isa = PBXFileReference; lastKnownFileType = sourcecode.swift; path = ViewController.swift; sourceTree = "<group>"; };
		AF8D0FEA1DB60D6000E0DDFE /* Base */ = {isa = PBXFileReference; lastKnownFileType = file.storyboard; name = Base; path = Base.lproj/Main.storyboard; sourceTree = "<group>"; };
		AF8D0FED1DB60D6000E0DDFE /* FoodTracker.xcdatamodel */ = {isa = PBXFileReference; lastKnownFileType = wrapper.xcdatamodel; path = FoodTracker.xcdatamodel; sourceTree = "<group>"; };
		AF8D0FEF1DB60D6000E0DDFE /* Assets.xcassets */ = {isa = PBXFileReference; lastKnownFileType = folder.assetcatalog; path = Assets.xcassets; sourceTree = "<group>"; };
		AF8D0FF21DB60D6000E0DDFE /* Base */ = {isa = PBXFileReference; lastKnownFileType = file.storyboard; name = Base; path = Base.lproj/LaunchScreen.storyboard; sourceTree = "<group>"; };
		AF8D0FF41DB60D6000E0DDFE /* Info.plist */ = {isa = PBXFileReference; lastKnownFileType = text.plist.xml; path = Info.plist; sourceTree = "<group>"; };
/* End PBXFileReference section */

/* Begin PBXFrameworksBuildPhase section */
		AF8D0FDF1DB60D5F00E0DDFE /* Frameworks */ = {
			isa = PBXFrameworksBuildPhase;
			buildActionMask = 2147483647;
			files = (
			);
			runOnlyForDeploymentPostprocessing = 0;
		};
/* End PBXFrameworksBuildPhase section */

/* Begin PBXGroup section */
		AF8D0FD91DB60D5F00E0DDFE = {
			isa = PBXGroup;
			children = (
				AF8D0FE41DB60D5F00E0DDFE /* FoodTracker */,
				AF8D0FE31DB60D5F00E0DDFE /* Products */,
			);
			sourceTree = "<group>";
		};
		AF8D0FE31DB60D5F00E0DDFE /* Products */ = {
			isa = PBXGroup;
			children = (
				AF8D0FE21DB60D5F00E0DDFE /* FoodTracker.app */,
			);
			name = Products;
			sourceTree = "<group>";
		};
		AF8D0FE41DB60D5F00E0DDFE /* FoodTracker */ = {
			isa = PBXGroup;
			children = (
				AF8D0FE51DB60D6000E0DDFE /* AppDelegate.swift */,
				AF8D0FE71DB60D6000E0DDFE /* ViewController.swift */,
				AF8D0FE91DB60D6000E0DDFE /* Main.storyboard */,
				AF8D0FEF1DB60D6000E0DDFE /* Assets.xcassets */,
				AF8D0FF11DB60D6000E0DDFE /* LaunchScreen.storyboard */,
				AF8D0FF41DB60D6000E0DDFE /* Info.plist */,
				AF8D0FEC1DB60D6000E0DDFE /* FoodTracker.xcdatamodeld */,
			);
			path = FoodTracker;
			sourceTree = "<group>";
		};
/* End PBXGroup section */

/* Begin PBXNativeTarget section */
		AF8D0FE11DB60D5F00E0DDFE /* FoodTracker */ = {
			isa = PBXNativeTarget;
			buildConfigurationList = AF8D0FF71DB60D6000E0DDFE /* Build configuration list for PBXNativeTarget "FoodTracker" */;
			buildPhases = (
				AF8D0FDE1DB60D5F00E0DDFE /* Sources */,
				AF8D0FDF1DB60D5F00E0DDFE /* Frameworks */,
				AF8D0FE01DB60D5F00E0DDFE /* Resources */,
			);
			buildRules = (
			);
			dependencies = (
			);
			name = FoodTracker;
			productName = FoodTracker;
			productReference = AF8D0FE21DB60D5F00E0DDFE /* FoodTracker.app */;
			productType = "com.apple.product-type.application";
		};
/* End PBXNativeTarget section */

/* Begin PBXProject section */
		AF8D0FDA1DB60D5F00E0DDFE /* Project object */ = {
			isa = PBXProject;
			attributes = {
				LastSwiftUpdateCheck = 0800;
				LastUpgradeCheck = 0800;
				ORGANIZATIONNAME = "Xiang, Zhuyuan | Matt | ISDOD";
				TargetAttributes = {
					AF8D0FE11DB60D5F00E0DDFE = {
						CreatedOnToolsVersion = 8.0;
						ProvisioningStyle = Automatic;
					};
				};
			};
			buildConfigurationList = AF8D0FDD1DB60D5F00E0DDFE /* Build configuration list for PBXProject "FoodTracker" */;
			compatibilityVersion = "Xcode 3.2";
			developmentRegion = English;
			hasScannedForEncodings = 0;
			knownRegions = (
				en,
				Base,
			);
			mainGroup = AF8D0FD91DB60D5F00E0DDFE;
			productRefGroup = AF8D0FE31DB60D5F00E0DDFE /* Products */;
			projectDirPath = "";
			projectRoot = "";
			targets = (
				AF8D0FE11DB60D5F00E0DDFE /* FoodTracker */,
			);
		};
/* End PBXProject section */

/* Begin PBXResourcesBuildPhase section */
		AF8D0FE01DB60D5F00E0DDFE /* Resources */ = {
			isa = PBXResourcesBuildPhase;
			buildActionMask = 2147483647;
			files = (
				AF8D0FF31DB60D6000E0DDFE /* LaunchScreen.storyboard in Resources */,
				AF8D0FF01DB60D6000E0DDFE /* Assets.xcassets in Resources */,
				AF8D0FEB1DB60D6000E0DDFE /* Main.storyboard in Resources */,
			);
			runOnlyForDeploymentPostprocessing = 0;
		};
/* End PBXResourcesBuildPhase section */

/* Begin PBXSourcesBuildPhase section */
		AF8D0FDE1DB60D5F00E0DDFE /* Sources */ = {
			isa = PBXSourcesBuildPhase;
			buildActionMask = 2147483647;
			files = (
				AF8D0FE81DB60D6000E0DDFE /* ViewController.swift in Sources */,
				AF8D0FE61DB60D6000E0DDFE /* AppDelegate.swift in Sources */,
				AF8D0FEE1DB60D6000E0DDFE /* FoodTracker.xcdatamodeld in Sources */,
			);
			runOnlyForDeploymentPostprocessing = 0;
		};
/* End PBXSourcesBuildPhase section */

/* Begin PBXVariantGroup section */
		AF8D0FE91DB60D6000E0DDFE /* Main.storyboard */ = {
			isa = PBXVariantGroup;
			children = (
				AF8D0FEA1DB60D6000E0DDFE /* Base */,
			);
			name = Main.storyboard;
			sourceTree = "<group>";
		};
		AF8D0FF11DB60D6000E0DDFE /* LaunchScreen.storyboard */ = {
			isa = PBXVariantGroup;
			children = (
				AF8D0FF21DB60D6000E0DDFE /* Base */,
			);
			name = LaunchScreen.storyboard;
			sourceTree = "<group>";
		};
/* End PBXVariantGroup section */

/* Begin XCBuildConfiguration section */
		AF8D0FF51DB60D6000E0DDFE /* Debug */ = {
			isa = XCBuildConfiguration;
			buildSettings = {
				ALWAYS_SEARCH_USER_PATHS = NO;
				CLANG_ANALYZER_NONNULL = YES;
				CLANG_CXX_LANGUAGE_STANDARD = "gnu++0x";
				CLANG_CXX_LIBRARY = "libc++";
				CLANG_ENABLE_MODULES = YES;
				CLANG_ENABLE_OBJC_ARC = YES;
				CLANG_WARN_BOOL_CONVERSION = YES;
				CLANG_WARN_CONSTANT_CONVERSION = YES;
				CLANG_WARN_DIRECT_OBJC_ISA_USAGE = YES_ERROR;
				CLANG_WARN_DOCUMENTATION_COMMENTS = YES;
				CLANG_WARN_EMPTY_BODY = YES;
				CLANG_WARN_ENUM_CONVERSION = YES;
				CLANG_WARN_INFINITE_RECURSION = YES;
				CLANG_WARN_INT_CONVERSION = YES;
				CLANG_WARN_OBJC_ROOT_CLASS = YES_ERROR;
				CLANG_WARN_SUSPICIOUS_MOVES = YES;
				CLANG_WARN_UNREACHABLE_CODE = YES;
				CLANG_WARN__DUPLICATE_METHOD_MATCH = YES;
				"CODE_SIGN_IDENTITY[sdk=iphoneos*]" = "iPhone Developer";
				COPY_PHASE_STRIP = NO;
				DEBUG_INFORMATION_FORMAT = dwarf;
				ENABLE_STRICT_OBJC_MSGSEND = YES;
				ENABLE_TESTABILITY = YES;
				GCC_C_LANGUAGE_STANDARD = gnu99;
				GCC_DYNAMIC_NO_PIC = NO;
				GCC_NO_COMMON_BLOCKS = YES;
				GCC_OPTIMIZATION_LEVEL = 0;
				GCC_PREPROCESSOR_DEFINITIONS = (
					"DEBUG=1",
					"$(inherited)",
				);
				GCC_WARN_64_TO_32_BIT_CONVERSION = YES;
				GCC_WARN_ABOUT_RETURN_TYPE = YES_ERROR;
				GCC_WARN_UNDECLARED_SELECTOR = YES;
				GCC_WARN_UNINITIALIZED_AUTOS = YES_AGGRESSIVE;
				GCC_WARN_UNUSED_FUNCTION = YES;
				GCC_WARN_UNUSED_VARIABLE = YES;
				IPHONEOS_DEPLOYMENT_TARGET = 10.0;
				MTL_ENABLE_DEBUG_INFO = YES;
				ONLY_ACTIVE_ARCH = YES;
				SDKROOT = iphoneos;
				SWIFT_ACTIVE_COMPILATION_CONDITIONS = DEBUG;
				SWIFT_OPTIMIZATION_LEVEL = "-Onone";
				TARGETED_DEVICE_FAMILY = "1,2";
			};
			name = Debug;
		};
		AF8D0FF61DB60D6000E0DDFE /* Release */ = {
			isa = XCBuildConfiguration;
			buildSettings = {
				ALWAYS_SEARCH_USER_PATHS = NO;
				CLANG_ANALYZER_NONNULL = YES;
				CLANG_CXX_LANGUAGE_STANDARD = "gnu++0x";
				CLANG_CXX_LIBRARY = "libc++";
				CLANG_ENABLE_MODULES = YES;
				CLANG_ENABLE_OBJC_ARC = YES;
				CLANG_WARN_BOOL_CONVERSION = YES;
				CLANG_WARN_CONSTANT_CONVERSION = YES;
				CLANG_WARN_DIRECT_OBJC_ISA_USAGE = YES_ERROR;
				CLANG_WARN_DOCUMENTATION_COMMENTS = YES;
				CLANG_WARN_EMPTY_BODY = YES;
				CLANG_WARN_ENUM_CONVERSION = YES;
				CLANG_WARN_INFINITE_RECURSION = YES;
				CLANG_WARN_INT_CONVERSION = YES;
				CLANG_WARN_OBJC_ROOT_CLASS = YES_ERROR;
				CLANG_WARN_SUSPICIOUS_MOVES = YES;
				CLANG_WARN_UNREACHABLE_CODE = YES;
				CLANG_WARN__DUPLICATE_METHOD_MATCH = YES;
				"CODE_SIGN_IDENTITY[sdk=iphoneos*]" = "iPhone Developer";
				COPY_PHASE_STRIP = NO;
				DEBUG_INFORMATION_FORMAT = "dwarf-with-dsym";
				ENABLE_NS_ASSERTIONS = NO;
				ENABLE_STRICT_OBJC_MSGSEND = YES;
				GCC_C_LANGUAGE_STANDARD = gnu99;
				GCC_NO_COMMON_BLOCKS = YES;
				GCC_WARN_64_TO_32_BIT_CONVERSION = YES;
				GCC_WARN_ABOUT_RETURN_TYPE = YES_ERROR;
				GCC_WARN_UNDECLARED_SELECTOR = YES;
				GCC_WARN_UNINITIALIZED_AUTOS = YES_AGGRESSIVE;
				GCC_WARN_UNUSED_FUNCTION = YES;
				GCC_WARN_UNUSED_VARIABLE = YES;
				IPHONEOS_DEPLOYMENT_TARGET = 10.0;
				MTL_ENABLE_DEBUG_INFO = NO;
				SDKROOT = iphoneos;
				SWIFT_OPTIMIZATION_LEVEL = "-Owholemodule";
				TARGETED_DEVICE_FAMILY = "1,2";
				VALIDATE_PRODUCT = YES;
			};
			name = Release;
		};
		AF8D0FF81DB60D6000E0DDFE /* Debug */ = {
			isa = XCBuildConfiguration;
			buildSettings = {
				ASSETCATALOG_COMPILER_APPICON_NAME = AppIcon;
				INFOPLIST_FILE = FoodTracker/Info.plist;
				LD_RUNPATH_SEARCH_PATHS = "$(inherited) @executable_path/Frameworks";
				PRODUCT_BUNDLE_IDENTIFIER = rakuten.FoodTracker;
				PRODUCT_NAME = "$(TARGET_NAME)";
				SWIFT_VERSION = 3.0;
			};
			name = Debug;
		};
		AF8D0FF91DB60D6000E0DDFE /* Release */ = {
			isa = XCBuildConfiguration;
			buildSettings = {
				ASSETCATALOG_COMPILER_APPICON_NAME = AppIcon;
				INFOPLIST_FILE = FoodTracker/Info.plist;
				LD_RUNPATH_SEARCH_PATHS = "$(inherited) @executable_path/Frameworks";
				PRODUCT_BUNDLE_IDENTIFIER = rakuten.FoodTracker;
				PRODUCT_NAME = "$(TARGET_NAME)";
				SWIFT_VERSION = 3.0;
			};
			name = Release;
		};
/* End XCBuildConfiguration section */

/* Begin XCConfigurationList section */
		AF8D0FDD1DB60D5F00E0DDFE /* Build configuration list for PBXProject "FoodTracker" */ = {
			isa = XCConfigurationList;
			buildConfigurations = (
				AF8D0FF51DB60D6000E0DDFE /* Debug */,
				AF8D0FF61DB60D6000E0DDFE /* Release */,
			);
			defaultConfigurationIsVisible = 0;
			defaultConfigurationName = Release;
		};
		AF8D0FF71DB60D6000E0DDFE /* Build configuration list for PBXNativeTarget "FoodTracker" */ = {
			isa = XCConfigurationList;
			buildConfigurations = (
				AF8D0FF81DB60D6000E0DDFE /* Debug */,
				AF8D0FF91DB60D6000E0DDFE /* Release */,
			);
			defaultConfigurationIsVisible = 0;
		};
/* End XCConfigurationList section */

/* Begin XCVersionGroup section */
		AF8D0FEC1DB60D6000E0DDFE /* FoodTracker.xcdatamodeld */ = {
			isa = XCVersionGroup;
			children = (
				AF8D0FED1DB60D6000E0DDFE /* FoodTracker.xcdatamodel */,
			);
			currentVersion = AF8D0FED1DB60D6000E0DDFE /* FoodTracker.xcdatamodel */;
			path = FoodTracker.xcdatamodeld;
			sourceTree = "<group>";
			versionGroupType = wrapper.xcdatamodel;
		};
/* End XCVersionGroup section */
	};
	rootObject = AF8D0FDA1DB60D5F00E0DDFE /* Project object */;
}
